
Microsoft Visual Studio Solution File, Format Version 12.00
# Visual Studio Version 16
VisualStudioVersion = 16.0.30330.147
MinimumVisualStudioVersion = 10.0.40219.1
Project("{9A19103F-16F7-4668-BE54-9A1E7A4F7556}") = "Sumar", "Sumar\Sumar.csproj", "{7B23A1DF-D86B-4C38-ABB1-0B0D6215A102}"
EndProject
Project("{FAE04EC0-301F-11D3-BF4B-00C04F79EFBC}") = "UnitTestSumar", "UnitTestSumar\UnitTestSumar.csproj", "{AD67E12D-627F-4666-A5AE-913E1EDF815A}"
EndProject
Global
	GlobalSection(SolutionConfigurationPlatforms) = preSolution
		Debug|Any CPU = Debug|Any CPU
		Release|Any CPU = Release|Any CPU
	EndGlobalSection
	GlobalSection(ProjectConfigurationPlatforms) = postSolution
		{7B23A1DF-D86B-4C38-ABB1-0B0D6215A102}.Debug|Any CPU.ActiveCfg = Debug|Any CPU
		{7B23A1DF-D86B-4C38-ABB1-0B0D6215A102}.Debug|Any CPU.Build.0 = Debug|Any CPU
		{7B23A1DF-D86B-4C38-ABB1-0B0D6215A102}.Release|Any CPU.ActiveCfg = Release|Any CPU
		{7B23A1DF-D86B-4C38-ABB1-0B0D6215A102}.Release|Any CPU.Build.0 = Release|Any CPU
		{AD67E12D-627F-4666-A5AE-913E1EDF815A}.Debug|Any CPU.ActiveCfg = Debug|Any CPU
		{AD67E12D-627F-4666-A5AE-913E1EDF815A}.Debug|Any CPU.Build.0 = Debug|Any CPU
		{AD67E12D-627F-4666-A5AE-913E1EDF815A}.Release|Any CPU.ActiveCfg = Release|Any CPU
		{AD67E12D-627F-4666-A5AE-913E1EDF815A}.Release|Any CPU.Build.0 = Release|Any CPU
	EndGlobalSection
	GlobalSection(SolutionProperties) = preSolution
		HideSolutionNode = FALSE
	EndGlobalSection
	GlobalSection(ExtensibilityGlobals) = postSolution
		SolutionGuid = {D376A2D9-3111-402C-9935-1C2483DD6B9A}
	EndGlobalSection
EndGlobal
